
Microsoft Visual Studio Solution File, Format Version 12.00
# Visual Studio 15
VisualStudioVersion = 15.0.27130.2003
MinimumVisualStudioVersion = 10.0.40219.1
Project("{FAE04EC0-301F-11D3-BF4B-00C04F79EFBC}") = "RedditCringe", "RedditCringe\RedditCringe.csproj", "{267F1A59-22C2-448F-B76A-2E3B18981120}"
EndProject
Global
	GlobalSection(SolutionConfigurationPlatforms) = preSolution
		Debug|Any CPU = Debug|Any CPU
		Release|Any CPU = Release|Any CPU
	EndGlobalSection
	GlobalSection(ProjectConfigurationPlatforms) = postSolution
		{267F1A59-22C2-448F-B76A-2E3B18981120}.Debug|Any CPU.ActiveCfg = Debug|Any CPU
		{267F1A59-22C2-448F-B76A-2E3B18981120}.Debug|Any CPU.Build.0 = Debug|Any CPU
		{267F1A59-22C2-448F-B76A-2E3B18981120}.Release|Any CPU.ActiveCfg = Release|Any CPU
		{267F1A59-22C2-448F-B76A-2E3B18981120}.Release|Any CPU.Build.0 = Release|Any CPU
	EndGlobalSection
	GlobalSection(SolutionProperties) = preSolution
		HideSolutionNode = FALSE
	EndGlobalSection
	GlobalSection(ExtensibilityGlobals) = postSolution
		SolutionGuid = {9D76C9D9-F978-4C70-A31C-F1CD2AC3C854}
	EndGlobalSection
EndGlobal
